github.com/thauanvargas/goearth v0.6.14 h1:rmCloS8pc0BV2OZfz0m/rUvaVnQQlSjxoa2Dy7ppUYE=
github.com/thauanvargas/goearth v0.6.14/go.mod h1:pnfIMCDqP9uWLBYXXmt25L44uw8+XHcEtvumq8wAn8g=
golang.org/x/exp v0.0.0-20240613232115-7f521ea00fb8 h1:yixxcjnhBmY0nkL253HFVIm0JsFHwrHdT3Yh6szTnfY=
golang.org/x/exp v0.0.0-20240613232115-7f521ea00fb8/go.mod h1:jj3sYF3dwk5D+ghuXyeI3r5MFf+NT2An6/9dOA95KSI=
